
Microsoft Visual Studio Solution File, Format Version 12.00
# Visual Studio Version 17
VisualStudioVersion = 17.0.32014.148
MinimumVisualStudioVersion = 10.0.40219.1
Project("{FAE04EC0-301F-11D3-BF4B-00C04F79EFBC}") = "Calculator", "Calculator.csproj", "{C2E0B23E-31F4-4496-8D17-347284E9DB7B}"
EndProject
Global
	GlobalSection(SolutionConfigurationPlatforms) = preSolution
		Debug|Any CPU = Debug|Any CPU
		Release|Any CPU = Release|Any CPU
	EndGlobalSection
	GlobalSection(ProjectConfigurationPlatforms) = postSolution
		{C2E0B23E-31F4-4496-8D17-347284E9DB7B}.Debug|Any CPU.ActiveCfg = Debug|Any CPU
		{C2E0B23E-31F4-4496-8D17-347284E9DB7B}.Debug|Any CPU.Build.0 = Debug|Any CPU
		{C2E0B23E-31F4-4496-8D17-347284E9DB7B}.Release|Any CPU.ActiveCfg = Release|Any CPU
		{C2E0B23E-31F4-4496-8D17-347284E9DB7B}.Release|Any CPU.Build.0 = Release|Any CPU
	EndGlobalSection
	GlobalSection(SolutionProperties) = preSolution
		HideSolutionNode = FALSE
	EndGlobalSection
	GlobalSection(ExtensibilityGlobals) = postSolution
		SolutionGuid = {6B22F5FC-F5E2-4E5B-A966-F37E14A2AD0E}
	EndGlobalSection
EndGlobal
